
Microsoft Visual Studio Solution File, Format Version 12.00
# Visual Studio 15
VisualStudioVersion = 15.0.27703.2042
MinimumVisualStudioVersion = 10.0.40219.1
Project("{2150E333-8FDC-42A3-9474-1A3956D46DE8}") = "UI", "UI", "{2DF62AE1-1AF6-4054-A531-75B0A06CC4DD}"
EndProject
Project("{2150E333-8FDC-42A3-9474-1A3956D46DE8}") = "API", "API", "{4B37BF8F-C773-43A6-83C2-FE63DCC30359}"
EndProject
Project("{9A19103F-16F7-4668-BE54-9A1E7A4F7556}") = "ChefVago.Api", "ChefVago.Api\ChefVago.Api.csproj", "{DC3069D9-F7A1-4FF9-83D9-D976BE8785D0}"
EndProject
Project("{2150E333-8FDC-42A3-9474-1A3956D46DE8}") = "Web", "Web", "{3AED16C9-B08D-46E0-BC34-08318454FEE2}"
EndProject
Project("{2150E333-8FDC-42A3-9474-1A3956D46DE8}") = "Mobile", "Mobile", "{5793638F-B8C9-4EA5-909A-C22A7E611AD8}"
EndProject
Project("{9A19103F-16F7-4668-BE54-9A1E7A4F7556}") = "ChefVago.Web", "ChefVago.Web\ChefVago.Web.csproj", "{82A05C82-2A20-48B3-8BD4-CF29E00A9FD3}"
EndProject
Project("{FAE04EC0-301F-11D3-BF4B-00C04F79EFBC}") = "ChefVago.Mobile.Android", "ChefVago.Mobile\ChefVago.Mobile.Android\ChefVago.Mobile.Android.csproj", "{30FBF2C4-9E4C-42F4-AA28-80AD73953FE4}"
EndProject
Project("{FAE04EC0-301F-11D3-BF4B-00C04F79EFBC}") = "ChefVago.Mobile.iOS", "ChefVago.Mobile\ChefVago.Mobile.iOS\ChefVago.Mobile.iOS.csproj", "{80294A55-3123-49CE-886E-79D519FE60ED}"
EndProject
Project("{FAE04EC0-301F-11D3-BF4B-00C04F79EFBC}") = "ChefVago.Mobile", "ChefVago.Mobile\ChefVago.Mobile\ChefVago.Mobile.csproj", "{85D367BF-81F8-4216-BE4F-0AA2F3458A45}"
EndProject
Global
	GlobalSection(SolutionConfigurationPlatforms) = preSolution
		Ad-Hoc|Any CPU = Ad-Hoc|Any CPU
		Ad-Hoc|ARM = Ad-Hoc|ARM
		Ad-Hoc|iPhone = Ad-Hoc|iPhone
		Ad-Hoc|iPhoneSimulator = Ad-Hoc|iPhoneSimulator
		Ad-Hoc|x64 = Ad-Hoc|x64
		Ad-Hoc|x86 = Ad-Hoc|x86
		AppStore|Any CPU = AppStore|Any CPU
		AppStore|ARM = AppStore|ARM
		AppStore|iPhone = AppStore|iPhone
		AppStore|iPhoneSimulator = AppStore|iPhoneSimulator
		AppStore|x64 = AppStore|x64
		AppStore|x86 = AppStore|x86
		Debug|Any CPU = Debug|Any CPU
		Debug|ARM = Debug|ARM
		Debug|iPhone = Debug|iPhone
		Debug|iPhoneSimulator = Debug|iPhoneSimulator
		Debug|x64 = Debug|x64
		Debug|x86 = Debug|x86
		Release|Any CPU = Release|Any CPU
		Release|ARM = Release|ARM
		Release|iPhone = Release|iPhone
		Release|iPhoneSimulator = Release|iPhoneSimulator
		Release|x64 = Release|x64
		Release|x86 = Release|x86
	EndGlobalSection
	GlobalSection(ProjectConfigurationPlatforms) = postSolution
		{DC3069D9-F7A1-4FF9-83D9-D976BE8785D0}.Ad-Hoc|Any CPU.ActiveCfg = Debug|Any CPU
		{DC3069D9-F7A1-4FF9-83D9-D976BE8785D0}.Ad-Hoc|Any CPU.Build.0 = Debug|Any CPU
		{DC3069D9-F7A1-4FF9-83D9-D976BE8785D0}.Ad-Hoc|ARM.ActiveCfg = Debug|Any CPU
		{DC3069D9-F7A1-4FF9-83D9-D976BE8785D0}.Ad-Hoc|ARM.Build.0 = Debug|Any CPU
		{DC3069D9-F7A1-4FF9-83D9-D976BE8785D0}.Ad-Hoc|iPhone.ActiveCfg = Debug|Any CPU
		{DC3069D9-F7A1-4FF9-83D9-D976BE8785D0}.Ad-Hoc|iPhone.Build.0 = Debug|Any CPU
		{DC3069D9-F7A1-4FF9-83D9-D976BE8785D0}.Ad-Hoc|iPhoneSimulator.ActiveCfg = Debug|Any CPU
		{DC3069D9-F7A1-4FF9-83D9-D976BE8785D0}.Ad-Hoc|iPhoneSimulator.Build.0 = Debug|Any CPU
		{DC3069D9-F7A1-4FF9-83D9-D976BE8785D0}.Ad-Hoc|x64.ActiveCfg = Debug|Any CPU
		{DC3069D9-F7A1-4FF9-83D9-D976BE8785D0}.Ad-Hoc|x64.Build.0 = Debug|Any CPU
		{DC3069D9-F7A1-4FF9-83D9-D976BE8785D0}.Ad-Hoc|x86.ActiveCfg = Debug|Any CPU
		{DC3069D9-F7A1-4FF9-83D9-D976BE8785D0}.Ad-Hoc|x86.Build.0 = Debug|Any CPU
		{DC3069D9-F7A1-4FF9-83D9-D976BE8785D0}.AppStore|Any CPU.ActiveCfg = Debug|Any CPU
		{DC3069D9-F7A1-4FF9-83D9-D976BE8785D0}.AppStore|Any CPU.Build.0 = Debug|Any CPU
		{DC3069D9-F7A1-4FF9-83D9-D976BE8785D0}.AppStore|ARM.ActiveCfg = Debug|Any CPU
		{DC3069D9-F7A1-4FF9-83D9-D976BE8785D0}.AppStore|ARM.Build.0 = Debug|Any CPU
		{DC3069D9-F7A1-4FF9-83D9-D976BE8785D0}.AppStore|iPhone.ActiveCfg = Debug|Any CPU
		{DC3069D9-F7A1-4FF9-83D9-D976BE8785D0}.AppStore|iPhone.Build.0 = Debug|Any CPU
		{DC3069D9-F7A1-4FF9-83D9-D976BE8785D0}.AppStore|iPhoneSimulator.ActiveCfg = Debug|Any CPU
		{DC3069D9-F7A1-4FF9-83D9-D976BE8785D0}.AppStore|iPhoneSimulator.Build.0 = Debug|Any CPU
		{DC3069D9-F7A1-4FF9-83D9-D976BE8785D0}.AppStore|x64.ActiveCfg = Debug|Any CPU
		{DC3069D9-F7A1-4FF9-83D9-D976BE8785D0}.AppStore|x64.Build.0 = Debug|Any CPU
		{DC3069D9-F7A1-4FF9-83D9-D976BE8785D0}.AppStore|x86.ActiveCfg = Debug|Any CPU
		{DC3069D9-F7A1-4FF9-83D9-D976BE8785D0}.AppStore|x86.Build.0 = Debug|Any CPU
		{DC3069D9-F7A1-4FF9-83D9-D976BE8785D0}.Debug|Any CPU.ActiveCfg = Debug|Any CPU
		{DC3069D9-F7A1-4FF9-83D9-D976BE8785D0}.Debug|Any CPU.Build.0 = Debug|Any CPU
		{DC3069D9-F7A1-4FF9-83D9-D976BE8785D0}.Debug|ARM.ActiveCfg = Debug|Any CPU
		{DC3069D9-F7A1-4FF9-83D9-D976BE8785D0}.Debug|ARM.Build.0 = Debug|Any CPU
		{DC3069D9-F7A1-4FF9-83D9-D976BE8785D0}.Debug|iPhone.ActiveCfg = Debug|Any CPU
		{DC3069D9-F7A1-4FF9-83D9-D976BE8785D0}.Debug|iPhone.Build.0 = Debug|Any CPU
		{DC3069D9-F7A1-4FF9-83D9-D976BE8785D0}.Debug|iPhoneSimulator.ActiveCfg = Debug|Any CPU
		{DC3069D9-F7A1-4FF9-83D9-D976BE8785D0}.Debug|iPhoneSimulator.Build.0 = Debug|Any CPU
		{DC3069D9-F7A1-4FF9-83D9-D976BE8785D0}.Debug|x64.ActiveCfg = Debug|Any CPU
		{DC3069D9-F7A1-4FF9-83D9-D976BE8785D0}.Debug|x64.Build.0 = Debug|Any CPU
		{DC3069D9-F7A1-4FF9-83D9-D976BE8785D0}.Debug|x86.ActiveCfg = Debug|Any CPU
		{DC3069D9-F7A1-4FF9-83D9-D976BE8785D0}.Debug|x86.Build.0 = Debug|Any CPU
		{DC3069D9-F7A1-4FF9-83D9-D976BE8785D0}.Release|Any CPU.ActiveCfg = Release|Any CPU
		{DC3069D9-F7A1-4FF9-83D9-D976BE8785D0}.Release|Any CPU.Build.0 = Release|Any CPU
		{DC3069D9-F7A1-4FF9-83D9-D976BE8785D0}.Release|ARM.ActiveCfg = Release|Any CPU
		{DC3069D9-F7A1-4FF9-83D9-D976BE8785D0}.Release|ARM.Build.0 = Release|Any CPU
		{DC3069D9-F7A1-4FF9-83D9-D976BE8785D0}.Release|iPhone.ActiveCfg = Release|Any CPU
		{DC3069D9-F7A1-4FF9-83D9-D976BE8785D0}.Release|iPhone.Build.0 = Release|Any CPU
		{DC3069D9-F7A1-4FF9-83D9-D976BE8785D0}.Release|iPhoneSimulator.ActiveCfg = Release|Any CPU
		{DC3069D9-F7A1-4FF9-83D9-D976BE8785D0}.Release|iPhoneSimulator.Build.0 = Release|Any CPU
		{DC3069D9-F7A1-4FF9-83D9-D976BE8785D0}.Release|x64.ActiveCfg = Release|Any CPU
		{DC3069D9-F7A1-4FF9-83D9-D976BE8785D0}.Release|x64.Build.0 = Release|Any CPU
		{DC3069D9-F7A1-4FF9-83D9-D976BE8785D0}.Release|x86.ActiveCfg = Release|Any CPU
		{DC3069D9-F7A1-4FF9-83D9-D976BE8785D0}.Release|x86.Build.0 = Release|Any CPU
		{82A05C82-2A20-48B3-8BD4-CF29E00A9FD3}.Ad-Hoc|Any CPU.ActiveCfg = Debug|Any CPU
		{82A05C82-2A20-48B3-8BD4-CF29E00A9FD3}.Ad-Hoc|Any CPU.Build.0 = Debug|Any CPU
		{82A05C82-2A20-48B3-8BD4-CF29E00A9FD3}.Ad-Hoc|ARM.ActiveCfg = Debug|Any CPU
		{82A05C82-2A20-48B3-8BD4-CF29E00A9FD3}.Ad-Hoc|ARM.Build.0 = Debug|Any CPU
		{82A05C82-2A20-48B3-8BD4-CF29E00A9FD3}.Ad-Hoc|iPhone.ActiveCfg = Debug|Any CPU
		{82A05C82-2A20-48B3-8BD4-CF29E00A9FD3}.Ad-Hoc|iPhone.Build.0 = Debug|Any CPU
		{82A05C82-2A20-48B3-8BD4-CF29E00A9FD3}.Ad-Hoc|iPhoneSimulator.ActiveCfg = Debug|Any CPU
		{82A05C82-2A20-48B3-8BD4-CF29E00A9FD3}.Ad-Hoc|iPhoneSimulator.Build.0 = Debug|Any CPU
		{82A05C82-2A20-48B3-8BD4-CF29E00A9FD3}.Ad-Hoc|x64.ActiveCfg = Debug|Any CPU
		{82A05C82-2A20-48B3-8BD4-CF29E00A9FD3}.Ad-Hoc|x64.Build.0 = Debug|Any CPU
		{82A05C82-2A20-48B3-8BD4-CF29E00A9FD3}.Ad-Hoc|x86.ActiveCfg = Debug|Any CPU
		{82A05C82-2A20-48B3-8BD4-CF29E00A9FD3}.Ad-Hoc|x86.Build.0 = Debug|Any CPU
		{82A05C82-2A20-48B3-8BD4-CF29E00A9FD3}.AppStore|Any CPU.ActiveCfg = Debug|Any CPU
		{82A05C82-2A20-48B3-8BD4-CF29E00A9FD3}.AppStore|Any CPU.Build.0 = Debug|Any CPU
		{82A05C82-2A20-48B3-8BD4-CF29E00A9FD3}.AppStore|ARM.ActiveCfg = Debug|Any CPU
		{82A05C82-2A20-48B3-8BD4-CF29E00A9FD3}.AppStore|ARM.Build.0 = Debug|Any CPU
		{82A05C82-2A20-48B3-8BD4-CF29E00A9FD3}.AppStore|iPhone.ActiveCfg = Debug|Any CPU
		{82A05C82-2A20-48B3-8BD4-CF29E00A9FD3}.AppStore|iPhone.Build.0 = Debug|Any CPU
		{82A05C82-2A20-48B3-8BD4-CF29E00A9FD3}.AppStore|iPhoneSimulator.ActiveCfg = Debug|Any CPU
		{82A05C82-2A20-48B3-8BD4-CF29E00A9FD3}.AppStore|iPhoneSimulator.Build.0 = Debug|Any CPU
		{82A05C82-2A20-48B3-8BD4-CF29E00A9FD3}.AppStore|x64.ActiveCfg = Debug|Any CPU
		{82A05C82-2A20-48B3-8BD4-CF29E00A9FD3}.AppStore|x64.Build.0 = Debug|Any CPU
		{82A05C82-2A20-48B3-8BD4-CF29E00A9FD3}.AppStore|x86.ActiveCfg = Debug|Any CPU
		{82A05C82-2A20-48B3-8BD4-CF29E00A9FD3}.AppStore|x86.Build.0 = Debug|Any CPU
		{82A05C82-2A20-48B3-8BD4-CF29E00A9FD3}.Debug|Any CPU.ActiveCfg = Debug|Any CPU
		{82A05C82-2A20-48B3-8BD4-CF29E00A9FD3}.Debug|Any CPU.Build.0 = Debug|Any CPU
		{82A05C82-2A20-48B3-8BD4-CF29E00A9FD3}.Debug|ARM.ActiveCfg = Debug|Any CPU
		{82A05C82-2A20-48B3-8BD4-CF29E00A9FD3}.Debug|ARM.Build.0 = Debug|Any CPU
		{82A05C82-2A20-48B3-8BD4-CF29E00A9FD3}.Debug|iPhone.ActiveCfg = Debug|Any CPU
		{82A05C82-2A20-48B3-8BD4-CF29E00A9FD3}.Debug|iPhone.Build.0 = Debug|Any CPU
		{82A05C82-2A20-48B3-8BD4-CF29E00A9FD3}.Debug|iPhoneSimulator.ActiveCfg = Debug|Any CPU
		{82A05C82-2A20-48B3-8BD4-CF29E00A9FD3}.Debug|iPhoneSimulator.Build.0 = Debug|Any CPU
		{82A05C82-2A20-48B3-8BD4-CF29E00A9FD3}.Debug|x64.ActiveCfg = Debug|Any CPU
		{82A05C82-2A20-48B3-8BD4-CF29E00A9FD3}.Debug|x64.Build.0 = Debug|Any CPU
		{82A05C82-2A20-48B3-8BD4-CF29E00A9FD3}.Debug|x86.ActiveCfg = Debug|Any CPU
		{82A05C82-2A20-48B3-8BD4-CF29E00A9FD3}.Debug|x86.Build.0 = Debug|Any CPU
		{82A05C82-2A20-48B3-8BD4-CF29E00A9FD3}.Release|Any CPU.ActiveCfg = Release|Any CPU
		{82A05C82-2A20-48B3-8BD4-CF29E00A9FD3}.Release|Any CPU.Build.0 = Release|Any CPU
		{82A05C82-2A20-48B3-8BD4-CF29E00A9FD3}.Release|ARM.ActiveCfg = Release|Any CPU
		{82A05C82-2A20-48B3-8BD4-CF29E00A9FD3}.Release|ARM.Build.0 = Release|Any CPU
		{82A05C82-2A20-48B3-8BD4-CF29E00A9FD3}.Release|iPhone.ActiveCfg = Release|Any CPU
		{82A05C82-2A20-48B3-8BD4-CF29E00A9FD3}.Release|iPhone.Build.0 = Release|Any CPU
		{82A05C82-2A20-48B3-8BD4-CF29E00A9FD3}.Release|iPhoneSimulator.ActiveCfg = Release|Any CPU
		{82A05C82-2A20-48B3-8BD4-CF29E00A9FD3}.Release|iPhoneSimulator.Build.0 = Release|Any CPU
		{82A05C82-2A20-48B3-8BD4-CF29E00A9FD3}.Release|x64.ActiveCfg = Release|Any CPU
		{82A05C82-2A20-48B3-8BD4-CF29E00A9FD3}.Release|x64.Build.0 = Release|Any CPU
		{82A05C82-2A20-48B3-8BD4-CF29E00A9FD3}.Release|x86.ActiveCfg = Release|Any CPU
		{82A05C82-2A20-48B3-8BD4-CF29E00A9FD3}.Release|x86.Build.0 = Release|Any CPU
		{30FBF2C4-9E4C-42F4-AA28-80AD73953FE4}.Ad-Hoc|Any CPU.ActiveCfg = Release|Any CPU
		{30FBF2C4-9E4C-42F4-AA28-80AD73953FE4}.Ad-Hoc|Any CPU.Build.0 = Release|Any CPU
		{30FBF2C4-9E4C-42F4-AA28-80AD73953FE4}.Ad-Hoc|Any CPU.Deploy.0 = Release|Any CPU
		{30FBF2C4-9E4C-42F4-AA28-80AD73953FE4}.Ad-Hoc|ARM.ActiveCfg = Release|Any CPU
		{30FBF2C4-9E4C-42F4-AA28-80AD73953FE4}.Ad-Hoc|ARM.Build.0 = Release|Any CPU
		{30FBF2C4-9E4C-42F4-AA28-80AD73953FE4}.Ad-Hoc|ARM.Deploy.0 = Release|Any CPU
		{30FBF2C4-9E4C-42F4-AA28-80AD73953FE4}.Ad-Hoc|iPhone.ActiveCfg = Release|Any CPU
		{30FBF2C4-9E4C-42F4-AA28-80AD73953FE4}.Ad-Hoc|iPhone.Build.0 = Release|Any CPU
		{30FBF2C4-9E4C-42F4-AA28-80AD73953FE4}.Ad-Hoc|iPhone.Deploy.0 = Release|Any CPU
		{30FBF2C4-9E4C-42F4-AA28-80AD73953FE4}.Ad-Hoc|iPhoneSimulator.ActiveCfg = Release|Any CPU
		{30FBF2C4-9E4C-42F4-AA28-80AD73953FE4}.Ad-Hoc|iPhoneSimulator.Build.0 = Release|Any CPU
		{30FBF2C4-9E4C-42F4-AA28-80AD73953FE4}.Ad-Hoc|iPhoneSimulator.Deploy.0 = Release|Any CPU
		{30FBF2C4-9E4C-42F4-AA28-80AD73953FE4}.Ad-Hoc|x64.ActiveCfg = Release|Any CPU
		{30FBF2C4-9E4C-42F4-AA28-80AD73953FE4}.Ad-Hoc|x64.Build.0 = Release|Any CPU
		{30FBF2C4-9E4C-42F4-AA28-80AD73953FE4}.Ad-Hoc|x64.Deploy.0 = Release|Any CPU
		{30FBF2C4-9E4C-42F4-AA28-80AD73953FE4}.Ad-Hoc|x86.ActiveCfg = Release|Any CPU
		{30FBF2C4-9E4C-42F4-AA28-80AD73953FE4}.Ad-Hoc|x86.Build.0 = Release|Any CPU
		{30FBF2C4-9E4C-42F4-AA28-80AD73953FE4}.Ad-Hoc|x86.Deploy.0 = Release|Any CPU
		{30FBF2C4-9E4C-42F4-AA28-80AD73953FE4}.AppStore|Any CPU.ActiveCfg = Release|Any CPU
		{30FBF2C4-9E4C-42F4-AA28-80AD73953FE4}.AppStore|Any CPU.Build.0 = Release|Any CPU
		{30FBF2C4-9E4C-42F4-AA28-80AD73953FE4}.AppStore|Any CPU.Deploy.0 = Release|Any CPU
		{30FBF2C4-9E4C-42F4-AA28-80AD73953FE4}.AppStore|ARM.ActiveCfg = Release|Any CPU
		{30FBF2C4-9E4C-42F4-AA28-80AD73953FE4}.AppStore|ARM.Build.0 = Release|Any CPU
		{30FBF2C4-9E4C-42F4-AA28-80AD73953FE4}.AppStore|ARM.Deploy.0 = Release|Any CPU
		{30FBF2C4-9E4C-42F4-AA28-80AD73953FE4}.AppStore|iPhone.ActiveCfg = Release|Any CPU
		{30FBF2C4-9E4C-42F4-AA28-80AD73953FE4}.AppStore|iPhone.Build.0 = Release|Any CPU
		{30FBF2C4-9E4C-42F4-AA28-80AD73953FE4}.AppStore|iPhone.Deploy.0 = Release|Any CPU
		{30FBF2C4-9E4C-42F4-AA28-80AD73953FE4}.AppStore|iPhoneSimulator.ActiveCfg = Release|Any CPU
		{30FBF2C4-9E4C-42F4-AA28-80AD73953FE4}.AppStore|iPhoneSimulator.Build.0 = Release|Any CPU
		{30FBF2C4-9E4C-42F4-AA28-80AD73953FE4}.AppStore|iPhoneSimulator.Deploy.0 = Release|Any CPU
		{30FBF2C4-9E4C-42F4-AA28-80AD73953FE4}.AppStore|x64.ActiveCfg = Release|Any CPU
		{30FBF2C4-9E4C-42F4-AA28-80AD73953FE4}.AppStore|x64.Build.0 = Release|Any CPU
		{30FBF2C4-9E4C-42F4-AA28-80AD73953FE4}.AppStore|x64.Deploy.0 = Release|Any CPU
		{30FBF2C4-9E4C-42F4-AA28-80AD73953FE4}.AppStore|x86.ActiveCfg = Release|Any CPU
		{30FBF2C4-9E4C-42F4-AA28-80AD73953FE4}.AppStore|x86.Build.0 = Release|Any CPU
		{30FBF2C4-9E4C-42F4-AA28-80AD73953FE4}.AppStore|x86.Deploy.0 = Release|Any CPU
		{30FBF2C4-9E4C-42F4-AA28-80AD73953FE4}.Debug|Any CPU.ActiveCfg = Debug|Any CPU
		{30FBF2C4-9E4C-42F4-AA28-80AD73953FE4}.Debug|Any CPU.Build.0 = Debug|Any CPU
		{30FBF2C4-9E4C-42F4-AA28-80AD73953FE4}.Debug|Any CPU.Deploy.0 = Debug|Any CPU
		{30FBF2C4-9E4C-42F4-AA28-80AD73953FE4}.Debug|ARM.ActiveCfg = Debug|Any CPU
		{30FBF2C4-9E4C-42F4-AA28-80AD73953FE4}.Debug|ARM.Build.0 = Debug|Any CPU
		{30FBF2C4-9E4C-42F4-AA28-80AD73953FE4}.Debug|ARM.Deploy.0 = Debug|Any CPU
		{30FBF2C4-9E4C-42F4-AA28-80AD73953FE4}.Debug|iPhone.ActiveCfg = Debug|Any CPU
		{30FBF2C4-9E4C-42F4-AA28-80AD73953FE4}.Debug|iPhone.Build.0 = Debug|Any CPU
		{30FBF2C4-9E4C-42F4-AA28-80AD73953FE4}.Debug|iPhone.Deploy.0 = Debug|Any CPU
		{30FBF2C4-9E4C-42F4-AA28-80AD73953FE4}.Debug|iPhoneSimulator.ActiveCfg = Debug|Any CPU
		{30FBF2C4-9E4C-42F4-AA28-80AD73953FE4}.Debug|iPhoneSimulator.Build.0 = Debug|Any CPU
		{30FBF2C4-9E4C-42F4-AA28-80AD73953FE4}.Debug|iPhoneSimulator.Deploy.0 = Debug|Any CPU
		{30FBF2C4-9E4C-42F4-AA28-80AD73953FE4}.Debug|x64.ActiveCfg = Debug|Any CPU
		{30FBF2C4-9E4C-42F4-AA28-80AD73953FE4}.Debug|x64.Build.0 = Debug|Any CPU
		{30FBF2C4-9E4C-42F4-AA28-80AD73953FE4}.Debug|x64.Deploy.0 = Debug|Any CPU
		{30FBF2C4-9E4C-42F4-AA28-80AD73953FE4}.Debug|x86.ActiveCfg = Debug|Any CPU
		{30FBF2C4-9E4C-42F4-AA28-80AD73953FE4}.Debug|x86.Build.0 = Debug|Any CPU
		{30FBF2C4-9E4C-42F4-AA28-80AD73953FE4}.Debug|x86.Deploy.0 = Debug|Any CPU
		{30FBF2C4-9E4C-42F4-AA28-80AD73953FE4}.Release|Any CPU.ActiveCfg = Release|Any CPU
		{30FBF2C4-9E4C-42F4-AA28-80AD73953FE4}.Release|Any CPU.Build.0 = Release|Any CPU
		{30FBF2C4-9E4C-42F4-AA28-80AD73953FE4}.Release|Any CPU.Deploy.0 = Release|Any CPU
		{30FBF2C4-9E4C-42F4-AA28-80AD73953FE4}.Release|ARM.ActiveCfg = Release|Any CPU
		{30FBF2C4-9E4C-42F4-AA28-80AD73953FE4}.Release|ARM.Build.0 = Release|Any CPU
		{30FBF2C4-9E4C-42F4-AA28-80AD73953FE4}.Release|ARM.Deploy.0 = Release|Any CPU
		{30FBF2C4-9E4C-42F4-AA28-80AD73953FE4}.Release|iPhone.ActiveCfg = Release|Any CPU
		{30FBF2C4-9E4C-42F4-AA28-80AD73953FE4}.Release|iPhone.Build.0 = Release|Any CPU
		{30FBF2C4-9E4C-42F4-AA28-80AD73953FE4}.Release|iPhone.Deploy.0 = Release|Any CPU
		{30FBF2C4-9E4C-42F4-AA28-80AD73953FE4}.Release|iPhoneSimulator.ActiveCfg = Release|Any CPU
		{30FBF2C4-9E4C-42F4-AA28-80AD73953FE4}.Release|iPhoneSimulator.Build.0 = Release|Any CPU
		{30FBF2C4-9E4C-42F4-AA28-80AD73953FE4}.Release|iPhoneSimulator.Deploy.0 = Release|Any CPU
		{30FBF2C4-9E4C-42F4-AA28-80AD73953FE4}.Release|x64.ActiveCfg = Release|Any CPU
		{30FBF2C4-9E4C-42F4-AA28-80AD73953FE4}.Release|x64.Build.0 = Release|Any CPU
		{30FBF2C4-9E4C-42F4-AA28-80AD73953FE4}.Release|x64.Deploy.0 = Release|Any CPU
		{30FBF2C4-9E4C-42F4-AA28-80AD73953FE4}.Release|x86.ActiveCfg = Release|Any CPU
		{30FBF2C4-9E4C-42F4-AA28-80AD73953FE4}.Release|x86.Build.0 = Release|Any CPU
		{30FBF2C4-9E4C-42F4-AA28-80AD73953FE4}.Release|x86.Deploy.0 = Release|Any CPU
		{80294A55-3123-49CE-886E-79D519FE60ED}.Ad-Hoc|Any CPU.ActiveCfg = Ad-Hoc|iPhone
		{80294A55-3123-49CE-886E-79D519FE60ED}.Ad-Hoc|ARM.ActiveCfg = Ad-Hoc|iPhone
		{80294A55-3123-49CE-886E-79D519FE60ED}.Ad-Hoc|iPhone.ActiveCfg = Ad-Hoc|iPhone
		{80294A55-3123-49CE-886E-79D519FE60ED}.Ad-Hoc|iPhone.Build.0 = Ad-Hoc|iPhone
		{80294A55-3123-49CE-886E-79D519FE60ED}.Ad-Hoc|iPhoneSimulator.ActiveCfg = Ad-Hoc|iPhoneSimulator
		{80294A55-3123-49CE-886E-79D519FE60ED}.Ad-Hoc|iPhoneSimulator.Build.0 = Ad-Hoc|iPhoneSimulator
		{80294A55-3123-49CE-886E-79D519FE60ED}.Ad-Hoc|x64.ActiveCfg = Ad-Hoc|iPhone
		{80294A55-3123-49CE-886E-79D519FE60ED}.Ad-Hoc|x86.ActiveCfg = Ad-Hoc|iPhone
		{80294A55-3123-49CE-886E-79D519FE60ED}.AppStore|Any CPU.ActiveCfg = AppStore|iPhone
		{80294A55-3123-49CE-886E-79D519FE60ED}.AppStore|ARM.ActiveCfg = AppStore|iPhone
		{80294A55-3123-49CE-886E-79D519FE60ED}.AppStore|iPhone.ActiveCfg = AppStore|iPhone
		{80294A55-3123-49CE-886E-79D519FE60ED}.AppStore|iPhone.Build.0 = AppStore|iPhone
		{80294A55-3123-49CE-886E-79D519FE60ED}.AppStore|iPhoneSimulator.ActiveCfg = AppStore|iPhoneSimulator
		{80294A55-3123-49CE-886E-79D519FE60ED}.AppStore|iPhoneSimulator.Build.0 = AppStore|iPhoneSimulator
		{80294A55-3123-49CE-886E-79D519FE60ED}.AppStore|x64.ActiveCfg = AppStore|iPhone
		{80294A55-3123-49CE-886E-79D519FE60ED}.AppStore|x86.ActiveCfg = AppStore|iPhone
		{80294A55-3123-49CE-886E-79D519FE60ED}.Debug|Any CPU.ActiveCfg = Debug|iPhone
		{80294A55-3123-49CE-886E-79D519FE60ED}.Debug|ARM.ActiveCfg = Debug|iPhone
		{80294A55-3123-49CE-886E-79D519FE60ED}.Debug|iPhone.ActiveCfg = Debug|iPhone
		{80294A55-3123-49CE-886E-79D519FE60ED}.Debug|iPhone.Build.0 = Debug|iPhone
		{80294A55-3123-49CE-886E-79D519FE60ED}.Debug|iPhoneSimulator.ActiveCfg = Debug|iPhoneSimulator
		{80294A55-3123-49CE-886E-79D519FE60ED}.Debug|iPhoneSimulator.Build.0 = Debug|iPhoneSimulator
		{80294A55-3123-49CE-886E-79D519FE60ED}.Debug|x64.ActiveCfg = Debug|iPhone
		{80294A55-3123-49CE-886E-79D519FE60ED}.Debug|x86.ActiveCfg = Debug|iPhone
		{80294A55-3123-49CE-886E-79D519FE60ED}.Release|Any CPU.ActiveCfg = Release|iPhone
		{80294A55-3123-49CE-886E-79D519FE60ED}.Release|ARM.ActiveCfg = Release|iPhone
		{80294A55-3123-49CE-886E-79D519FE60ED}.Release|iPhone.ActiveCfg = Release|iPhone
		{80294A55-3123-49CE-886E-79D519FE60ED}.Release|iPhone.Build.0 = Release|iPhone
		{80294A55-3123-49CE-886E-79D519FE60ED}.Release|iPhoneSimulator.ActiveCfg = Release|iPhoneSimulator
		{80294A55-3123-49CE-886E-79D519FE60ED}.Release|iPhoneSimulator.Build.0 = Release|iPhoneSimulator
		{80294A55-3123-49CE-886E-79D519FE60ED}.Release|x64.ActiveCfg = Release|iPhone
		{80294A55-3123-49CE-886E-79D519FE60ED}.Release|x86.ActiveCfg = Release|iPhone
		{85D367BF-81F8-4216-BE4F-0AA2F3458A45}.Ad-Hoc|Any CPU.ActiveCfg = Debug|Any CPU
		{85D367BF-81F8-4216-BE4F-0AA2F3458A45}.Ad-Hoc|Any CPU.Build.0 = Debug|Any CPU
		{85D367BF-81F8-4216-BE4F-0AA2F3458A45}.Ad-Hoc|ARM.ActiveCfg = Debug|Any CPU
		{85D367BF-81F8-4216-BE4F-0AA2F3458A45}.Ad-Hoc|ARM.Build.0 = Debug|Any CPU
		{85D367BF-81F8-4216-BE4F-0AA2F3458A45}.Ad-Hoc|iPhone.ActiveCfg = Debug|Any CPU
		{85D367BF-81F8-4216-BE4F-0AA2F3458A45}.Ad-Hoc|iPhone.Build.0 = Debug|Any CPU
		{85D367BF-81F8-4216-BE4F-0AA2F3458A45}.Ad-Hoc|iPhoneSimulator.ActiveCfg = Debug|Any CPU
		{85D367BF-81F8-4216-BE4F-0AA2F3458A45}.Ad-Hoc|iPhoneSimulator.Build.0 = Debug|Any CPU
		{85D367BF-81F8-4216-BE4F-0AA2F3458A45}.Ad-Hoc|x64.ActiveCfg = Debug|Any CPU
		{85D367BF-81F8-4216-BE4F-0AA2F3458A45}.Ad-Hoc|x64.Build.0 = Debug|Any CPU
		{85D367BF-81F8-4216-BE4F-0AA2F3458A45}.Ad-Hoc|x86.ActiveCfg = Debug|Any CPU
		{85D367BF-81F8-4216-BE4F-0AA2F3458A45}.Ad-Hoc|x86.Build.0 = Debug|Any CPU
		{85D367BF-81F8-4216-BE4F-0AA2F3458A45}.AppStore|Any CPU.ActiveCfg = Debug|Any CPU
		{85D367BF-81F8-4216-BE4F-0AA2F3458A45}.AppStore|Any CPU.Build.0 = Debug|Any CPU
		{85D367BF-81F8-4216-BE4F-0AA2F3458A45}.AppStore|ARM.ActiveCfg = Debug|Any CPU
		{85D367BF-81F8-4216-BE4F-0AA2F3458A45}.AppStore|ARM.Build.0 = Debug|Any CPU
		{85D367BF-81F8-4216-BE4F-0AA2F3458A45}.AppStore|iPhone.ActiveCfg = Debug|Any CPU
		{85D367BF-81F8-4216-BE4F-0AA2F3458A45}.AppStore|iPhone.Build.0 = Debug|Any CPU
		{85D367BF-81F8-4216-BE4F-0AA2F3458A45}.AppStore|iPhoneSimulator.ActiveCfg = Debug|Any CPU
		{85D367BF-81F8-4216-BE4F-0AA2F3458A45}.AppStore|iPhoneSimulator.Build.0 = Debug|Any CPU
		{85D367BF-81F8-4216-BE4F-0AA2F3458A45}.AppStore|x64.ActiveCfg = Debug|Any CPU
		{85D367BF-81F8-4216-BE4F-0AA2F3458A45}.AppStore|x64.Build.0 = Debug|Any CPU
		{85D367BF-81F8-4216-BE4F-0AA2F3458A45}.AppStore|x86.ActiveCfg = Debug|Any CPU
		{85D367BF-81F8-4216-BE4F-0AA2F3458A45}.AppStore|x86.Build.0 = Debug|Any CPU
		{85D367BF-81F8-4216-BE4F-0AA2F3458A45}.Debug|Any CPU.ActiveCfg = Debug|Any CPU
		{85D367BF-81F8-4216-BE4F-0AA2F3458A45}.Debug|Any CPU.Build.0 = Debug|Any CPU
		{85D367BF-81F8-4216-BE4F-0AA2F3458A45}.Debug|ARM.ActiveCfg = Debug|Any CPU
		{85D367BF-81F8-4216-BE4F-0AA2F3458A45}.Debug|ARM.Build.0 = Debug|Any CPU
		{85D367BF-81F8-4216-BE4F-0AA2F3458A45}.Debug|iPhone.ActiveCfg = Debug|Any CPU
		{85D367BF-81F8-4216-BE4F-0AA2F3458A45}.Debug|iPhone.Build.0 = Debug|Any CPU
		{85D367BF-81F8-4216-BE4F-0AA2F3458A45}.Debug|iPhoneSimulator.ActiveCfg = Debug|Any CPU
		{85D367BF-81F8-4216-BE4F-0AA2F3458A45}.Debug|iPhoneSimulator.Build.0 = Debug|Any CPU
		{85D367BF-81F8-4216-BE4F-0AA2F3458A45}.Debug|x64.ActiveCfg = Debug|Any CPU
		{85D367BF-81F8-4216-BE4F-0AA2F3458A45}.Debug|x64.Build.0 = Debug|Any CPU
		{85D367BF-81F8-4216-BE4F-0AA2F3458A45}.Debug|x86.ActiveCfg = Debug|Any CPU
		{85D367BF-81F8-4216-BE4F-0AA2F3458A45}.Debug|x86.Build.0 = Debug|Any CPU
		{85D367BF-81F8-4216-BE4F-0AA2F3458A45}.Release|Any CPU.ActiveCfg = Release|Any CPU
		{85D367BF-81F8-4216-BE4F-0AA2F3458A45}.Release|Any CPU.Build.0 = Release|Any CPU
		{85D367BF-81F8-4216-BE4F-0AA2F3458A45}.Release|ARM.ActiveCfg = Release|Any CPU
		{85D367BF-81F8-4216-BE4F-0AA2F3458A45}.Release|ARM.Build.0 = Release|Any CPU
		{85D367BF-81F8-4216-BE4F-0AA2F3458A45}.Release|iPhone.ActiveCfg = Release|Any CPU
		{85D367BF-81F8-4216-BE4F-0AA2F3458A45}.Release|iPhone.Build.0 = Release|Any CPU
		{85D367BF-81F8-4216-BE4F-0AA2F3458A45}.Release|iPhoneSimulator.ActiveCfg = Release|Any CPU
		{85D367BF-81F8-4216-BE4F-0AA2F3458A45}.Release|iPhoneSimulator.Build.0 = Release|Any CPU
		{85D367BF-81F8-4216-BE4F-0AA2F3458A45}.Release|x64.ActiveCfg = Release|Any CPU
		{85D367BF-81F8-4216-BE4F-0AA2F3458A45}.Release|x64.Build.0 = Release|Any CPU
		{85D367BF-81F8-4216-BE4F-0AA2F3458A45}.Release|x86.ActiveCfg = Release|Any CPU
		{85D367BF-81F8-4216-BE4F-0AA2F3458A45}.Release|x86.Build.0 = Release|Any CPU
	EndGlobalSection
	GlobalSection(SolutionProperties) = preSolution
		HideSolutionNode = FALSE
	EndGlobalSection
	GlobalSection(NestedProjects) = preSolution
		{DC3069D9-F7A1-4FF9-83D9-D976BE8785D0} = {4B37BF8F-C773-43A6-83C2-FE63DCC30359}
		{3AED16C9-B08D-46E0-BC34-08318454FEE2} = {2DF62AE1-1AF6-4054-A531-75B0A06CC4DD}
		{5793638F-B8C9-4EA5-909A-C22A7E611AD8} = {2DF62AE1-1AF6-4054-A531-75B0A06CC4DD}
		{82A05C82-2A20-48B3-8BD4-CF29E00A9FD3} = {3AED16C9-B08D-46E0-BC34-08318454FEE2}
		{30FBF2C4-9E4C-42F4-AA28-80AD73953FE4} = {5793638F-B8C9-4EA5-909A-C22A7E611AD8}
		{80294A55-3123-49CE-886E-79D519FE60ED} = {5793638F-B8C9-4EA5-909A-C22A7E611AD8}
		{85D367BF-81F8-4216-BE4F-0AA2F3458A45} = {5793638F-B8C9-4EA5-909A-C22A7E611AD8}
	EndGlobalSection
	GlobalSection(ExtensibilityGlobals) = postSolution
		SolutionGuid = {DDE9C9A5-E1D5-437F-ACF7-BE47E1BDDF2D}
	EndGlobalSection
EndGlobal
